// !$*UTF8*$!
{
	archiveVersion = 1;
	classes = {
	};
	objectVersion = 55;
	objects = {

/* Begin PBXBuildFile section */
		231B4F6C27DC712900B010C3 /* AppDelegate.swift in Sources */ = {isa = PBXBuildFile; fileRef = 231B4F6B27DC712900B010C3 /* AppDelegate.swift */; };
		231B4F6E27DC712900B010C3 /* SceneDelegate.swift in Sources */ = {isa = PBXBuildFile; fileRef = 231B4F6D27DC712900B010C3 /* SceneDelegate.swift */; };
		231B4F7027DC712900B010C3 /* ViewController.swift in Sources */ = {isa = PBXBuildFile; fileRef = 231B4F6F27DC712900B010C3 /* ViewController.swift */; };
		231B4F7327DC712900B010C3 /* Main.storyboard in Resources */ = {isa = PBXBuildFile; fileRef = 231B4F7127DC712900B010C3 /* Main.storyboard */; };
		231B4F7527DC712B00B010C3 /* Assets.xcassets in Resources */ = {isa = PBXBuildFile; fileRef = 231B4F7427DC712B00B010C3 /* Assets.xcassets */; };
		231B4F7827DC712B00B010C3 /* LaunchScreen.storyboard in Resources */ = {isa = PBXBuildFile; fileRef = 231B4F7627DC712B00B010C3 /* LaunchScreen.storyboard */; };
		231B4F8327DC712C00B010C3 /* CleanWeatherTests.swift in Sources */ = {isa = PBXBuildFile; fileRef = 231B4F8227DC712C00B010C3 /* CleanWeatherTests.swift */; };
		231B4F8D27DC712C00B010C3 /* CleanWeatherUITests.swift in Sources */ = {isa = PBXBuildFile; fileRef = 231B4F8C27DC712C00B010C3 /* CleanWeatherUITests.swift */; };
		231B4F8F27DC712C00B010C3 /* CleanWeatherUITestsLaunchTests.swift in Sources */ = {isa = PBXBuildFile; fileRef = 231B4F8E27DC712C00B010C3 /* CleanWeatherUITestsLaunchTests.swift */; };
		231B4F9D27DC73DC00B010C3 /* ViewController.swift in Sources */ = {isa = PBXBuildFile; fileRef = 231B4F6F27DC712900B010C3 /* ViewController.swift */; };
		231B4F9E27DC73DC00B010C3 /* AppDelegate.swift in Sources */ = {isa = PBXBuildFile; fileRef = 231B4F6B27DC712900B010C3 /* AppDelegate.swift */; };
		231B4F9F27DC73DC00B010C3 /* SceneDelegate.swift in Sources */ = {isa = PBXBuildFile; fileRef = 231B4F6D27DC712900B010C3 /* SceneDelegate.swift */; };
		231B4FA227DC73DC00B010C3 /* LaunchScreen.storyboard in Resources */ = {isa = PBXBuildFile; fileRef = 231B4F7627DC712B00B010C3 /* LaunchScreen.storyboard */; };
		231B4FA327DC73DC00B010C3 /* Assets.xcassets in Resources */ = {isa = PBXBuildFile; fileRef = 231B4F7427DC712B00B010C3 /* Assets.xcassets */; };
		231B4FA427DC73DC00B010C3 /* Main.storyboard in Resources */ = {isa = PBXBuildFile; fileRef = 231B4F7127DC712900B010C3 /* Main.storyboard */; };
		231B4FAC27DC754C00B010C3 /* ViewController.swift in Sources */ = {isa = PBXBuildFile; fileRef = 231B4F6F27DC712900B010C3 /* ViewController.swift */; };
		231B4FAD27DC754C00B010C3 /* AppDelegate.swift in Sources */ = {isa = PBXBuildFile; fileRef = 231B4F6B27DC712900B010C3 /* AppDelegate.swift */; };
		231B4FAE27DC754C00B010C3 /* SceneDelegate.swift in Sources */ = {isa = PBXBuildFile; fileRef = 231B4F6D27DC712900B010C3 /* SceneDelegate.swift */; };
		231B4FB127DC754C00B010C3 /* LaunchScreen.storyboard in Resources */ = {isa = PBXBuildFile; fileRef = 231B4F7627DC712B00B010C3 /* LaunchScreen.storyboard */; };
		231B4FB227DC754C00B010C3 /* Assets.xcassets in Resources */ = {isa = PBXBuildFile; fileRef = 231B4F7427DC712B00B010C3 /* Assets.xcassets */; };
		231B4FB327DC754C00B010C3 /* Main.storyboard in Resources */ = {isa = PBXBuildFile; fileRef = 231B4F7127DC712900B010C3 /* Main.storyboard */; };
/* End PBXBuildFile section */

/* Begin PBXContainerItemProxy section */
		231B4F7F27DC712C00B010C3 /* PBXContainerItemProxy */ = {
			isa = PBXContainerItemProxy;
			containerPortal = 231B4F6027DC712900B010C3 /* Project object */;
			proxyType = 1;
			remoteGlobalIDString = 231B4F6727DC712900B010C3;
			remoteInfo = CleanWeather;
		};
		231B4F8927DC712C00B010C3 /* PBXContainerItemProxy */ = {
			isa = PBXContainerItemProxy;
			containerPortal = 231B4F6027DC712900B010C3 /* Project object */;
			proxyType = 1;
			remoteGlobalIDString = 231B4F6727DC712900B010C3;
			remoteInfo = CleanWeather;
		};
/* End PBXContainerItemProxy section */

/* Begin PBXFileReference section */
		231B4F6827DC712900B010C3 /* CleanWeather.app */ = {isa = PBXFileReference; explicitFileType = wrapper.application; includeInIndex = 0; path = CleanWeather.app; sourceTree = BUILT_PRODUCTS_DIR; };
		231B4F6B27DC712900B010C3 /* AppDelegate.swift */ = {isa = PBXFileReference; lastKnownFileType = sourcecode.swift; path = AppDelegate.swift; sourceTree = "<group>"; };
		231B4F6D27DC712900B010C3 /* SceneDelegate.swift */ = {isa = PBXFileReference; lastKnownFileType = sourcecode.swift; path = SceneDelegate.swift; sourceTree = "<group>"; };
		231B4F6F27DC712900B010C3 /* ViewController.swift */ = {isa = PBXFileReference; lastKnownFileType = sourcecode.swift; path = ViewController.swift; sourceTree = "<group>"; };
		231B4F7227DC712900B010C3 /* Base */ = {isa = PBXFileReference; lastKnownFileType = file.storyboard; name = Base; path = Base.lproj/Main.storyboard; sourceTree = "<group>"; };
		231B4F7427DC712B00B010C3 /* Assets.xcassets */ = {isa = PBXFileReference; lastKnownFileType = folder.assetcatalog; path = Assets.xcassets; sourceTree = "<group>"; };
		231B4F7727DC712B00B010C3 /* Base */ = {isa = PBXFileReference; lastKnownFileType = file.storyboard; name = Base; path = Base.lproj/LaunchScreen.storyboard; sourceTree = "<group>"; };
		231B4F7927DC712B00B010C3 /* Info.plist */ = {isa = PBXFileReference; lastKnownFileType = text.plist.xml; path = Info.plist; sourceTree = "<group>"; };
		231B4F7E27DC712C00B010C3 /* CleanWeatherTests.xctest */ = {isa = PBXFileReference; explicitFileType = wrapper.cfbundle; includeInIndex = 0; path = CleanWeatherTests.xctest; sourceTree = BUILT_PRODUCTS_DIR; };
		231B4F8227DC712C00B010C3 /* CleanWeatherTests.swift */ = {isa = PBXFileReference; lastKnownFileType = sourcecode.swift; path = CleanWeatherTests.swift; sourceTree = "<group>"; };
		231B4F8827DC712C00B010C3 /* CleanWeatherUITests.xctest */ = {isa = PBXFileReference; explicitFileType = wrapper.cfbundle; includeInIndex = 0; path = CleanWeatherUITests.xctest; sourceTree = BUILT_PRODUCTS_DIR; };
		231B4F8C27DC712C00B010C3 /* CleanWeatherUITests.swift */ = {isa = PBXFileReference; lastKnownFileType = sourcecode.swift; path = CleanWeatherUITests.swift; sourceTree = "<group>"; };
		231B4F8E27DC712C00B010C3 /* CleanWeatherUITestsLaunchTests.swift */ = {isa = PBXFileReference; lastKnownFileType = sourcecode.swift; path = CleanWeatherUITestsLaunchTests.swift; sourceTree = "<group>"; };
		231B4FA827DC73DC00B010C3 /* CleanWeather_Preprod.app */ = {isa = PBXFileReference; explicitFileType = wrapper.application; includeInIndex = 0; path = CleanWeather_Preprod.app; sourceTree = BUILT_PRODUCTS_DIR; };
		231B4FA927DC73DC00B010C3 /* CleanWeather_Preprod.plist */ = {isa = PBXFileReference; lastKnownFileType = text.plist.xml; name = CleanWeather_Preprod.plist; path = /Users/nikhil.nangia/Documents/github/CleanWeather/CleanWeather/CleanWeather_Preprod.plist; sourceTree = "<absolute>"; };
		231B4FB727DC754C00B010C3 /* CleanWeather_Staging.app */ = {isa = PBXFileReference; explicitFileType = wrapper.application; includeInIndex = 0; path = CleanWeather_Staging.app; sourceTree = BUILT_PRODUCTS_DIR; };
		231B4FB827DC754C00B010C3 /* CleanWeather_Staging.plist */ = {isa = PBXFileReference; lastKnownFileType = text.plist.xml; name = CleanWeather_Staging.plist; path = /Users/nikhil.nangia/Documents/github/CleanWeather/CleanWeather/CleanWeather_Staging.plist; sourceTree = "<absolute>"; };
/* End PBXFileReference section */

/* Begin PBXFrameworksBuildPhase section */
		231B4F6527DC712900B010C3 /* Frameworks */ = {
			isa = PBXFrameworksBuildPhase;
			buildActionMask = 2147483647;
			files = (
			);
			runOnlyForDeploymentPostprocessing = 0;
		};
		231B4F7B27DC712C00B010C3 /* Frameworks */ = {
			isa = PBXFrameworksBuildPhase;
			buildActionMask = 2147483647;
			files = (
			);
			runOnlyForDeploymentPostprocessing = 0;
		};
		231B4F8527DC712C00B010C3 /* Frameworks */ = {
			isa = PBXFrameworksBuildPhase;
			buildActionMask = 2147483647;
			files = (
			);
			runOnlyForDeploymentPostprocessing = 0;
		};
		231B4FA027DC73DC00B010C3 /* Frameworks */ = {
			isa = PBXFrameworksBuildPhase;
			buildActionMask = 2147483647;
			files = (
			);
			runOnlyForDeploymentPostprocessing = 0;
		};
		231B4FAF27DC754C00B010C3 /* Frameworks */ = {
			isa = PBXFrameworksBuildPhase;
			buildActionMask = 2147483647;
			files = (
			);
			runOnlyForDeploymentPostprocessing = 0;
		};
/* End PBXFrameworksBuildPhase section */

/* Begin PBXGroup section */
		231B4F5F27DC712900B010C3 = {
			isa = PBXGroup;
			children = (
				231B4F6A27DC712900B010C3 /* CleanWeather */,
				231B4F8127DC712C00B010C3 /* CleanWeatherTests */,
				231B4F8B27DC712C00B010C3 /* CleanWeatherUITests */,
				231B4F6927DC712900B010C3 /* Products */,
				231B4FA927DC73DC00B010C3 /* CleanWeather_Preprod.plist */,
				231B4FB827DC754C00B010C3 /* CleanWeather_Staging.plist */,
			);
			sourceTree = "<group>";
		};
		231B4F6927DC712900B010C3 /* Products */ = {
			isa = PBXGroup;
			children = (
				231B4F6827DC712900B010C3 /* CleanWeather.app */,
				231B4F7E27DC712C00B010C3 /* CleanWeatherTests.xctest */,
				231B4F8827DC712C00B010C3 /* CleanWeatherUITests.xctest */,
				231B4FA827DC73DC00B010C3 /* CleanWeather_Preprod.app */,
				231B4FB727DC754C00B010C3 /* CleanWeather_Staging.app */,
			);
			name = Products;
			sourceTree = "<group>";
		};
		231B4F6A27DC712900B010C3 /* CleanWeather */ = {
			isa = PBXGroup;
			children = (
				231B4F6B27DC712900B010C3 /* AppDelegate.swift */,
				231B4F6D27DC712900B010C3 /* SceneDelegate.swift */,
				231B4F6F27DC712900B010C3 /* ViewController.swift */,
				231B4F7127DC712900B010C3 /* Main.storyboard */,
				231B4F7427DC712B00B010C3 /* Assets.xcassets */,
				231B4F7627DC712B00B010C3 /* LaunchScreen.storyboard */,
				231B4F7927DC712B00B010C3 /* Info.plist */,
			);
			path = CleanWeather;
			sourceTree = "<group>";
		};
		231B4F8127DC712C00B010C3 /* CleanWeatherTests */ = {
			isa = PBXGroup;
			children = (
				231B4F8227DC712C00B010C3 /* CleanWeatherTests.swift */,
			);
			path = CleanWeatherTests;
			sourceTree = "<group>";
		};
		231B4F8B27DC712C00B010C3 /* CleanWeatherUITests */ = {
			isa = PBXGroup;
			children = (
				231B4F8C27DC712C00B010C3 /* CleanWeatherUITests.swift */,
				231B4F8E27DC712C00B010C3 /* CleanWeatherUITestsLaunchTests.swift */,
			);
			path = CleanWeatherUITests;
			sourceTree = "<group>";
		};
/* End PBXGroup section */

/* Begin PBXNativeTarget section */
		231B4F6727DC712900B010C3 /* CleanWeather */ = {
			isa = PBXNativeTarget;
			buildConfigurationList = 231B4F9227DC712C00B010C3 /* Build configuration list for PBXNativeTarget "CleanWeather" */;
			buildPhases = (
				231B4F6427DC712900B010C3 /* Sources */,
				231B4F6527DC712900B010C3 /* Frameworks */,
				231B4F6627DC712900B010C3 /* Resources */,
			);
			buildRules = (
			);
			dependencies = (
			);
			name = CleanWeather;
			productName = CleanWeather;
			productReference = 231B4F6827DC712900B010C3 /* CleanWeather.app */;
			productType = "com.apple.product-type.application";
		};
		231B4F7D27DC712C00B010C3 /* CleanWeatherTests */ = {
			isa = PBXNativeTarget;
			buildConfigurationList = 231B4F9527DC712C00B010C3 /* Build configuration list for PBXNativeTarget "CleanWeatherTests" */;
			buildPhases = (
				231B4F7A27DC712C00B010C3 /* Sources */,
				231B4F7B27DC712C00B010C3 /* Frameworks */,
				231B4F7C27DC712C00B010C3 /* Resources */,
			);
			buildRules = (
			);
			dependencies = (
				231B4F8027DC712C00B010C3 /* PBXTargetDependency */,
			);
			name = CleanWeatherTests;
			productName = CleanWeatherTests;
			productReference = 231B4F7E27DC712C00B010C3 /* CleanWeatherTests.xctest */;
			productType = "com.apple.product-type.bundle.unit-test";
		};
		231B4F8727DC712C00B010C3 /* CleanWeatherUITests */ = {
			isa = PBXNativeTarget;
			buildConfigurationList = 231B4F9827DC712C00B010C3 /* Build configuration list for PBXNativeTarget "CleanWeatherUITests" */;
			buildPhases = (
				231B4F8427DC712C00B010C3 /* Sources */,
				231B4F8527DC712C00B010C3 /* Frameworks */,
				231B4F8627DC712C00B010C3 /* Resources */,
			);
			buildRules = (
			);
			dependencies = (
				231B4F8A27DC712C00B010C3 /* PBXTargetDependency */,
			);
			name = CleanWeatherUITests;
			productName = CleanWeatherUITests;
			productReference = 231B4F8827DC712C00B010C3 /* CleanWeatherUITests.xctest */;
			productType = "com.apple.product-type.bundle.ui-testing";
		};
		231B4F9B27DC73DC00B010C3 /* CleanWeather_Preprod */ = {
			isa = PBXNativeTarget;
			buildConfigurationList = 231B4FA527DC73DC00B010C3 /* Build configuration list for PBXNativeTarget "CleanWeather_Preprod" */;
			buildPhases = (
				231B4F9C27DC73DC00B010C3 /* Sources */,
				231B4FA027DC73DC00B010C3 /* Frameworks */,
				231B4FA127DC73DC00B010C3 /* Resources */,
			);
			buildRules = (
			);
			dependencies = (
			);
			name = CleanWeather_Preprod;
			productName = CleanWeather;
			productReference = 231B4FA827DC73DC00B010C3 /* CleanWeather_Preprod.app */;
			productType = "com.apple.product-type.application";
		};
		231B4FAA27DC754C00B010C3 /* CleanWeather_Staging */ = {
			isa = PBXNativeTarget;
			buildConfigurationList = 231B4FB427DC754C00B010C3 /* Build configuration list for PBXNativeTarget "CleanWeather_Staging" */;
			buildPhases = (
				231B4FAB27DC754C00B010C3 /* Sources */,
				231B4FAF27DC754C00B010C3 /* Frameworks */,
				231B4FB027DC754C00B010C3 /* Resources */,
			);
			buildRules = (
			);
			dependencies = (
			);
			name = CleanWeather_Staging;
			productName = CleanWeather;
			productReference = 231B4FB727DC754C00B010C3 /* CleanWeather_Staging.app */;
			productType = "com.apple.product-type.application";
		};
/* End PBXNativeTarget section */

/* Begin PBXProject section */
		231B4F6027DC712900B010C3 /* Project object */ = {
			isa = PBXProject;
			attributes = {
				BuildIndependentTargetsInParallel = 1;
				LastSwiftUpdateCheck = 1320;
				LastUpgradeCheck = 1320;
				TargetAttributes = {
					231B4F6727DC712900B010C3 = {
						CreatedOnToolsVersion = 13.2.1;
					};
					231B4F7D27DC712C00B010C3 = {
						CreatedOnToolsVersion = 13.2.1;
						TestTargetID = 231B4F6727DC712900B010C3;
					};
					231B4F8727DC712C00B010C3 = {
						CreatedOnToolsVersion = 13.2.1;
						TestTargetID = 231B4F6727DC712900B010C3;
					};
				};
			};
			buildConfigurationList = 231B4F6327DC712900B010C3 /* Build configuration list for PBXProject "CleanWeather" */;
			compatibilityVersion = "Xcode 13.0";
			developmentRegion = en;
			hasScannedForEncodings = 0;
			knownRegions = (
				en,
				Base,
			);
			mainGroup = 231B4F5F27DC712900B010C3;
			productRefGroup = 231B4F6927DC712900B010C3 /* Products */;
			projectDirPath = "";
			projectRoot = "";
			targets = (
				231B4F6727DC712900B010C3 /* CleanWeather */,
				231B4F7D27DC712C00B010C3 /* CleanWeatherTests */,
				231B4F8727DC712C00B010C3 /* CleanWeatherUITests */,
				231B4F9B27DC73DC00B010C3 /* CleanWeather_Preprod */,
				231B4FAA27DC754C00B010C3 /* CleanWeather_Staging */,
			);
		};
/* End PBXProject section */

/* Begin PBXResourcesBuildPhase section */
		231B4F6627DC712900B010C3 /* Resources */ = {
			isa = PBXResourcesBuildPhase;
			buildActionMask = 2147483647;
			files = (
				231B4F7827DC712B00B010C3 /* LaunchScreen.storyboard in Resources */,
				231B4F7527DC712B00B010C3 /* Assets.xcassets in Resources */,
				231B4F7327DC712900B010C3 /* Main.storyboard in Resources */,
			);
			runOnlyForDeploymentPostprocessing = 0;
		};
		231B4F7C27DC712C00B010C3 /* Resources */ = {
			isa = PBXResourcesBuildPhase;
			buildActionMask = 2147483647;
			files = (
			);
			runOnlyForDeploymentPostprocessing = 0;
		};
		231B4F8627DC712C00B010C3 /* Resources */ = {
			isa = PBXResourcesBuildPhase;
			buildActionMask = 2147483647;
			files = (
			);
			runOnlyForDeploymentPostprocessing = 0;
		};
		231B4FA127DC73DC00B010C3 /* Resources */ = {
			isa = PBXResourcesBuildPhase;
			buildActionMask = 2147483647;
			files = (
				231B4FA227DC73DC00B010C3 /* LaunchScreen.storyboard in Resources */,
				231B4FA327DC73DC00B010C3 /* Assets.xcassets in Resources */,
				231B4FA427DC73DC00B010C3 /* Main.storyboard in Resources */,
			);
			runOnlyForDeploymentPostprocessing = 0;
		};
		231B4FB027DC754C00B010C3 /* Resources */ = {
			isa = PBXResourcesBuildPhase;
			buildActionMask = 2147483647;
			files = (
				231B4FB127DC754C00B010C3 /* LaunchScreen.storyboard in Resources */,
				231B4FB227DC754C00B010C3 /* Assets.xcassets in Resources */,
				231B4FB327DC754C00B010C3 /* Main.storyboard in Resources */,
			);
			runOnlyForDeploymentPostprocessing = 0;
		};
/* End PBXResourcesBuildPhase section */

/* Begin PBXSourcesBuildPhase section */
		231B4F6427DC712900B010C3 /* Sources */ = {
			isa = PBXSourcesBuildPhase;
			buildActionMask = 2147483647;
			files = (
				231B4F7027DC712900B010C3 /* ViewController.swift in Sources */,
				231B4F6C27DC712900B010C3 /* AppDelegate.swift in Sources */,
				231B4F6E27DC712900B010C3 /* SceneDelegate.swift in Sources */,
			);
			runOnlyForDeploymentPostprocessing = 0;
		};
		231B4F7A27DC712C00B010C3 /* Sources */ = {
			isa = PBXSourcesBuildPhase;
			buildActionMask = 2147483647;
			files = (
				231B4F8327DC712C00B010C3 /* CleanWeatherTests.swift in Sources */,
			);
			runOnlyForDeploymentPostprocessing = 0;
		};
		231B4F8427DC712C00B010C3 /* Sources */ = {
			isa = PBXSourcesBuildPhase;
			buildActionMask = 2147483647;
			files = (
				231B4F8D27DC712C00B010C3 /* CleanWeatherUITests.swift in Sources */,
				231B4F8F27DC712C00B010C3 /* CleanWeatherUITestsLaunchTests.swift in Sources */,
			);
			runOnlyForDeploymentPostprocessing = 0;
		};
		231B4F9C27DC73DC00B010C3 /* Sources */ = {
			isa = PBXSourcesBuildPhase;
			buildActionMask = 2147483647;
			files = (
				231B4F9D27DC73DC00B010C3 /* ViewController.swift in Sources */,
				231B4F9E27DC73DC00B010C3 /* AppDelegate.swift in Sources */,
				231B4F9F27DC73DC00B010C3 /* SceneDelegate.swift in Sources */,
			);
			runOnlyForDeploymentPostprocessing = 0;
		};
		231B4FAB27DC754C00B010C3 /* Sources */ = {
			isa = PBXSourcesBuildPhase;
			buildActionMask = 2147483647;
			files = (
				231B4FAC27DC754C00B010C3 /* ViewController.swift in Sources */,
				231B4FAD27DC754C00B010C3 /* AppDelegate.swift in Sources */,
				231B4FAE27DC754C00B010C3 /* SceneDelegate.swift in Sources */,
			);
			runOnlyForDeploymentPostprocessing = 0;
		};
/* End PBXSourcesBuildPhase section */

/* Begin PBXTargetDependency section */
		231B4F8027DC712C00B010C3 /* PBXTargetDependency */ = {
			isa = PBXTargetDependency;
			target = 231B4F6727DC712900B010C3 /* CleanWeather */;
			targetProxy = 231B4F7F27DC712C00B010C3 /* PBXContainerItemProxy */;
		};
		231B4F8A27DC712C00B010C3 /* PBXTargetDependency */ = {
			isa = PBXTargetDependency;
			target = 231B4F6727DC712900B010C3 /* CleanWeather */;
			targetProxy = 231B4F8927DC712C00B010C3 /* PBXContainerItemProxy */;
		};
/* End PBXTargetDependency section */

/* Begin PBXVariantGroup section */
		231B4F7127DC712900B010C3 /* Main.storyboard */ = {
			isa = PBXVariantGroup;
			children = (
				231B4F7227DC712900B010C3 /* Base */,
			);
			name = Main.storyboard;
			sourceTree = "<group>";
		};
		231B4F7627DC712B00B010C3 /* LaunchScreen.storyboard */ = {
			isa = PBXVariantGroup;
			children = (
				231B4F7727DC712B00B010C3 /* Base */,
			);
			name = LaunchScreen.storyboard;
			sourceTree = "<group>";
		};
/* End PBXVariantGroup section */

/* Begin XCBuildConfiguration section */
		231B4F9027DC712C00B010C3 /* Debug */ = {
			isa = XCBuildConfiguration;
			buildSettings = {
				ALWAYS_SEARCH_USER_PATHS = NO;
				CLANG_ANALYZER_NONNULL = YES;
				CLANG_ANALYZER_NUMBER_OBJECT_CONVERSION = YES_AGGRESSIVE;
				CLANG_CXX_LANGUAGE_STANDARD = "gnu++17";
				CLANG_CXX_LIBRARY = "libc++";
				CLANG_ENABLE_MODULES = YES;
				CLANG_ENABLE_OBJC_ARC = YES;
				CLANG_ENABLE_OBJC_WEAK = YES;
				CLANG_WARN_BLOCK_CAPTURE_AUTORELEASING = YES;
				CLANG_WARN_BOOL_CONVERSION = YES;
				CLANG_WARN_COMMA = YES;
				CLANG_WARN_CONSTANT_CONVERSION = YES;
				CLANG_WARN_DEPRECATED_OBJC_IMPLEMENTATIONS = YES;
				CLANG_WARN_DIRECT_OBJC_ISA_USAGE = YES_ERROR;
				CLANG_WARN_DOCUMENTATION_COMMENTS = YES;
				CLANG_WARN_EMPTY_BODY = YES;
				CLANG_WARN_ENUM_CONVERSION = YES;
				CLANG_WARN_INFINITE_RECURSION = YES;
				CLANG_WARN_INT_CONVERSION = YES;
				CLANG_WARN_NON_LITERAL_NULL_CONVERSION = YES;
				CLANG_WARN_OBJC_IMPLICIT_RETAIN_SELF = YES;
				CLANG_WARN_OBJC_LITERAL_CONVERSION = YES;
				CLANG_WARN_OBJC_ROOT_CLASS = YES_ERROR;
				CLANG_WARN_QUOTED_INCLUDE_IN_FRAMEWORK_HEADER = YES;
				CLANG_WARN_RANGE_LOOP_ANALYSIS = YES;
				CLANG_WARN_STRICT_PROTOTYPES = YES;
				CLANG_WARN_SUSPICIOUS_MOVE = YES;
				CLANG_WARN_UNGUARDED_AVAILABILITY = YES_AGGRESSIVE;
				CLANG_WARN_UNREACHABLE_CODE = YES;
				CLANG_WARN__DUPLICATE_METHOD_MATCH = YES;
				COPY_PHASE_STRIP = NO;
				DEBUG_INFORMATION_FORMAT = dwarf;
				ENABLE_STRICT_OBJC_MSGSEND = YES;
				ENABLE_TESTABILITY = YES;
				GCC_C_LANGUAGE_STANDARD = gnu11;
				GCC_DYNAMIC_NO_PIC = NO;
				GCC_NO_COMMON_BLOCKS = YES;
				GCC_OPTIMIZATION_LEVEL = 0;
				GCC_PREPROCESSOR_DEFINITIONS = (
					"DEBUG=1",
					"$(inherited)",
				);
				GCC_WARN_64_TO_32_BIT_CONVERSION = YES;
				GCC_WARN_ABOUT_RETURN_TYPE = YES_ERROR;
				GCC_WARN_UNDECLARED_SELECTOR = YES;
				GCC_WARN_UNINITIALIZED_AUTOS = YES_AGGRESSIVE;
				GCC_WARN_UNUSED_FUNCTION = YES;
				GCC_WARN_UNUSED_VARIABLE = YES;
				IPHONEOS_DEPLOYMENT_TARGET = 15.2;
				MTL_ENABLE_DEBUG_INFO = INCLUDE_SOURCE;
				MTL_FAST_MATH = YES;
				ONLY_ACTIVE_ARCH = YES;
				SDKROOT = iphoneos;
				SWIFT_ACTIVE_COMPILATION_CONDITIONS = DEBUG;
				SWIFT_OPTIMIZATION_LEVEL = "-Onone";
			};
			name = Debug;
		};
		231B4F9127DC712C00B010C3 /* Release */ = {
			isa = XCBuildConfiguration;
			buildSettings = {
				ALWAYS_SEARCH_USER_PATHS = NO;
				CLANG_ANALYZER_NONNULL = YES;
				CLANG_ANALYZER_NUMBER_OBJECT_CONVERSION = YES_AGGRESSIVE;
				CLANG_CXX_LANGUAGE_STANDARD = "gnu++17";
				CLANG_CXX_LIBRARY = "libc++";
				CLANG_ENABLE_MODULES = YES;
				CLANG_ENABLE_OBJC_ARC = YES;
				CLANG_ENABLE_OBJC_WEAK = YES;
				CLANG_WARN_BLOCK_CAPTURE_AUTORELEASING = YES;
				CLANG_WARN_BOOL_CONVERSION = YES;
				CLANG_WARN_COMMA = YES;
				CLANG_WARN_CONSTANT_CONVERSION = YES;
				CLANG_WARN_DEPRECATED_OBJC_IMPLEMENTATIONS = YES;
				CLANG_WARN_DIRECT_OBJC_ISA_USAGE = YES_ERROR;
				CLANG_WARN_DOCUMENTATION_COMMENTS = YES;
				CLANG_WARN_EMPTY_BODY = YES;
				CLANG_WARN_ENUM_CONVERSION = YES;
				CLANG_WARN_INFINITE_RECURSION = YES;
				CLANG_WARN_INT_CONVERSION = YES;
				CLANG_WARN_NON_LITERAL_NULL_CONVERSION = YES;
				CLANG_WARN_OBJC_IMPLICIT_RETAIN_SELF = YES;
				CLANG_WARN_OBJC_LITERAL_CONVERSION = YES;
				CLANG_WARN_OBJC_ROOT_CLASS = YES_ERROR;
				CLANG_WARN_QUOTED_INCLUDE_IN_FRAMEWORK_HEADER = YES;
				CLANG_WARN_RANGE_LOOP_ANALYSIS = YES;
				CLANG_WARN_STRICT_PROTOTYPES = YES;
				CLANG_WARN_SUSPICIOUS_MOVE = YES;
				CLANG_WARN_UNGUARDED_AVAILABILITY = YES_AGGRESSIVE;
				CLANG_WARN_UNREACHABLE_CODE = YES;
				CLANG_WARN__DUPLICATE_METHOD_MATCH = YES;
				COPY_PHASE_STRIP = NO;
				DEBUG_INFORMATION_FORMAT = "dwarf-with-dsym";
				ENABLE_NS_ASSERTIONS = NO;
				ENABLE_STRICT_OBJC_MSGSEND = YES;
				GCC_C_LANGUAGE_STANDARD = gnu11;
				GCC_NO_COMMON_BLOCKS = YES;
				GCC_WARN_64_TO_32_BIT_CONVERSION = YES;
				GCC_WARN_ABOUT_RETURN_TYPE = YES_ERROR;
				GCC_WARN_UNDECLARED_SELECTOR = YES;
				GCC_WARN_UNINITIALIZED_AUTOS = YES_AGGRESSIVE;
				GCC_WARN_UNUSED_FUNCTION = YES;
				GCC_WARN_UNUSED_VARIABLE = YES;
				IPHONEOS_DEPLOYMENT_TARGET = 15.2;
				MTL_ENABLE_DEBUG_INFO = NO;
				MTL_FAST_MATH = YES;
				SDKROOT = iphoneos;
				SWIFT_COMPILATION_MODE = wholemodule;
				SWIFT_OPTIMIZATION_LEVEL = "-O";
				VALIDATE_PRODUCT = YES;
			};
			name = Release;
		};
		231B4F9327DC712C00B010C3 /* Debug */ = {
			isa = XCBuildConfiguration;
			buildSettings = {
				ASSETCATALOG_COMPILER_APPICON_NAME = AppIcon;
				ASSETCATALOG_COMPILER_GLOBAL_ACCENT_COLOR_NAME = AccentColor;
				CODE_SIGN_STYLE = Automatic;
				CURRENT_PROJECT_VERSION = 1;
				DEVELOPMENT_TEAM = W28Q572LJ2;
				GENERATE_INFOPLIST_FILE = YES;
				INFOPLIST_FILE = CleanWeather/Info.plist;
				INFOPLIST_KEY_UIApplicationSupportsIndirectInputEvents = YES;
				INFOPLIST_KEY_UILaunchStoryboardName = LaunchScreen;
				INFOPLIST_KEY_UIMainStoryboardFile = Main;
				INFOPLIST_KEY_UISupportedInterfaceOrientations_iPad = "UIInterfaceOrientationPortrait UIInterfaceOrientationPortraitUpsideDown UIInterfaceOrientationLandscapeLeft UIInterfaceOrientationLandscapeRight";
				INFOPLIST_KEY_UISupportedInterfaceOrientations_iPhone = "UIInterfaceOrientationPortrait UIInterfaceOrientationLandscapeLeft UIInterfaceOrientationLandscapeRight";
				LD_RUNPATH_SEARCH_PATHS = (
					"$(inherited)",
					"@executable_path/Frameworks",
				);
				MARKETING_VERSION = 1.0;
				PRODUCT_BUNDLE_IDENTIFIER = com.bundle.CleanWeather;
				PRODUCT_NAME = "$(TARGET_NAME)";
				SWIFT_EMIT_LOC_STRINGS = YES;
				SWIFT_VERSION = 5.0;
				TARGETED_DEVICE_FAMILY = "1,2";
			};
			name = Debug;
		};
		231B4F9427DC712C00B010C3 /* Release */ = {
			isa = XCBuildConfiguration;
			buildSettings = {
				ASSETCATALOG_COMPILER_APPICON_NAME = AppIcon;
				ASSETCATALOG_COMPILER_GLOBAL_ACCENT_COLOR_NAME = AccentColor;
				CODE_SIGN_STYLE = Automatic;
				CURRENT_PROJECT_VERSION = 1;
				DEVELOPMENT_TEAM = W28Q572LJ2;
				GENERATE_INFOPLIST_FILE = YES;
				INFOPLIST_FILE = CleanWeather/Info.plist;
				INFOPLIST_KEY_UIApplicationSupportsIndirectInputEvents = YES;
				INFOPLIST_KEY_UILaunchStoryboardName = LaunchScreen;
				INFOPLIST_KEY_UIMainStoryboardFile = Main;
				INFOPLIST_KEY_UISupportedInterfaceOrientations_iPad = "UIInterfaceOrientationPortrait UIInterfaceOrientationPortraitUpsideDown UIInterfaceOrientationLandscapeLeft UIInterfaceOrientationLandscapeRight";
				INFOPLIST_KEY_UISupportedInterfaceOrientations_iPhone = "UIInterfaceOrientationPortrait UIInterfaceOrientationLandscapeLeft UIInterfaceOrientationLandscapeRight";
				LD_RUNPATH_SEARCH_PATHS = (
					"$(inherited)",
					"@executable_path/Frameworks",
				);
				MARKETING_VERSION = 1.0;
				PRODUCT_BUNDLE_IDENTIFIER = com.bundle.CleanWeather;
				PRODUCT_NAME = "$(TARGET_NAME)";
				SWIFT_EMIT_LOC_STRINGS = YES;
				SWIFT_VERSION = 5.0;
				TARGETED_DEVICE_FAMILY = "1,2";
			};
			name = Release;
		};
		231B4F9627DC712C00B010C3 /* Debug */ = {
			isa = XCBuildConfiguration;
			buildSettings = {
				ALWAYS_EMBED_SWIFT_STANDARD_LIBRARIES = YES;
				BUNDLE_LOADER = "$(TEST_HOST)";
				CODE_SIGN_STYLE = Automatic;
				CURRENT_PROJECT_VERSION = 1;
				DEVELOPMENT_TEAM = W28Q572LJ2;
				GENERATE_INFOPLIST_FILE = YES;
				IPHONEOS_DEPLOYMENT_TARGET = 15.2;
				MARKETING_VERSION = 1.0;
				PRODUCT_BUNDLE_IDENTIFIER = com.bundle.CleanWeatherTests;
				PRODUCT_NAME = "$(TARGET_NAME)";
				SWIFT_EMIT_LOC_STRINGS = NO;
				SWIFT_VERSION = 5.0;
				TARGETED_DEVICE_FAMILY = "1,2";
				TEST_HOST = "$(BUILT_PRODUCTS_DIR)/CleanWeather.app/CleanWeather";
			};
			name = Debug;
		};
		231B4F9727DC712C00B010C3 /* Release */ = {
			isa = XCBuildConfiguration;
			buildSettings = {
				ALWAYS_EMBED_SWIFT_STANDARD_LIBRARIES = YES;
				BUNDLE_LOADER = "$(TEST_HOST)";
				CODE_SIGN_STYLE = Automatic;
				CURRENT_PROJECT_VERSION = 1;
				DEVELOPMENT_TEAM = W28Q572LJ2;
				GENERATE_INFOPLIST_FILE = YES;
				IPHONEOS_DEPLOYMENT_TARGET = 15.2;
				MARKETING_VERSION = 1.0;
				PRODUCT_BUNDLE_IDENTIFIER = com.bundle.CleanWeatherTests;
				PRODUCT_NAME = "$(TARGET_NAME)";
				SWIFT_EMIT_LOC_STRINGS = NO;
				SWIFT_VERSION = 5.0;
				TARGETED_DEVICE_FAMILY = "1,2";
				TEST_HOST = "$(BUILT_PRODUCTS_DIR)/CleanWeather.app/CleanWeather";
			};
			name = Release;
		};
		231B4F9927DC712C00B010C3 /* Debug */ = {
			isa = XCBuildConfiguration;
			buildSettings = {
				ALWAYS_EMBED_SWIFT_STANDARD_LIBRARIES = YES;
				CODE_SIGN_STYLE = Automatic;
				CURRENT_PROJECT_VERSION = 1;
				DEVELOPMENT_TEAM = W28Q572LJ2;
				GENERATE_INFOPLIST_FILE = YES;
				MARKETING_VERSION = 1.0;
				PRODUCT_BUNDLE_IDENTIFIER = com.bundle.CleanWeatherUITests;
				PRODUCT_NAME = "$(TARGET_NAME)";
				SWIFT_EMIT_LOC_STRINGS = NO;
				SWIFT_VERSION = 5.0;
				TARGETED_DEVICE_FAMILY = "1,2";
				TEST_TARGET_NAME = CleanWeather;
			};
			name = Debug;
		};
		231B4F9A27DC712C00B010C3 /* Release */ = {
			isa = XCBuildConfiguration;
			buildSettings = {
				ALWAYS_EMBED_SWIFT_STANDARD_LIBRARIES = YES;
				CODE_SIGN_STYLE = Automatic;
				CURRENT_PROJECT_VERSION = 1;
				DEVELOPMENT_TEAM = W28Q572LJ2;
				GENERATE_INFOPLIST_FILE = YES;
				MARKETING_VERSION = 1.0;
				PRODUCT_BUNDLE_IDENTIFIER = com.bundle.CleanWeatherUITests;
				PRODUCT_NAME = "$(TARGET_NAME)";
				SWIFT_EMIT_LOC_STRINGS = NO;
				SWIFT_VERSION = 5.0;
				TARGETED_DEVICE_FAMILY = "1,2";
				TEST_TARGET_NAME = CleanWeather;
			};
			name = Release;
		};
		231B4FA627DC73DC00B010C3 /* Debug */ = {
			isa = XCBuildConfiguration;
			buildSettings = {
				ASSETCATALOG_COMPILER_APPICON_NAME = AppIcon;
				ASSETCATALOG_COMPILER_GLOBAL_ACCENT_COLOR_NAME = AccentColor;
				CODE_SIGN_STYLE = Automatic;
				CURRENT_PROJECT_VERSION = 1;
				DEVELOPMENT_TEAM = W28Q572LJ2;
				GENERATE_INFOPLIST_FILE = YES;
				INFOPLIST_FILE = CleanWeather_Preprod.plist;
				INFOPLIST_KEY_UIApplicationSupportsIndirectInputEvents = YES;
				INFOPLIST_KEY_UILaunchStoryboardName = LaunchScreen;
				INFOPLIST_KEY_UIMainStoryboardFile = Main;
				INFOPLIST_KEY_UISupportedInterfaceOrientations_iPad = "UIInterfaceOrientationPortrait UIInterfaceOrientationPortraitUpsideDown UIInterfaceOrientationLandscapeLeft UIInterfaceOrientationLandscapeRight";
				INFOPLIST_KEY_UISupportedInterfaceOrientations_iPhone = "UIInterfaceOrientationPortrait UIInterfaceOrientationLandscapeLeft UIInterfaceOrientationLandscapeRight";
				LD_RUNPATH_SEARCH_PATHS = (
					"$(inherited)",
					"@executable_path/Frameworks",
				);
				MARKETING_VERSION = 1.0;
				OTHER_SWIFT_FLAGS = "-DPreprod";
				PRODUCT_BUNDLE_IDENTIFIER = com.bundle.CleanWeather;
				PRODUCT_NAME = "$(TARGET_NAME)";
				SWIFT_EMIT_LOC_STRINGS = YES;
				SWIFT_VERSION = 5.0;
				TARGETED_DEVICE_FAMILY = "1,2";
			};
			name = Debug;
		};
		231B4FA727DC73DC00B010C3 /* Release */ = {
			isa = XCBuildConfiguration;
			buildSettings = {
				ASSETCATALOG_COMPILER_APPICON_NAME = AppIcon;
				ASSETCATALOG_COMPILER_GLOBAL_ACCENT_COLOR_NAME = AccentColor;
				CODE_SIGN_STYLE = Automatic;
				CURRENT_PROJECT_VERSION = 1;
				DEVELOPMENT_TEAM = W28Q572LJ2;
				GENERATE_INFOPLIST_FILE = YES;
				INFOPLIST_FILE = CleanWeather_Preprod.plist;
				INFOPLIST_KEY_UIApplicationSupportsIndirectInputEvents = YES;
				INFOPLIST_KEY_UILaunchStoryboardName = LaunchScreen;
				INFOPLIST_KEY_UIMainStoryboardFile = Main;
				INFOPLIST_KEY_UISupportedInterfaceOrientations_iPad = "UIInterfaceOrientationPortrait UIInterfaceOrientationPortraitUpsideDown UIInterfaceOrientationLandscapeLeft UIInterfaceOrientationLandscapeRight";
				INFOPLIST_KEY_UISupportedInterfaceOrientations_iPhone = "UIInterfaceOrientationPortrait UIInterfaceOrientationLandscapeLeft UIInterfaceOrientationLandscapeRight";
				LD_RUNPATH_SEARCH_PATHS = (
					"$(inherited)",
					"@executable_path/Frameworks",
				);
				MARKETING_VERSION = 1.0;
				OTHER_SWIFT_FLAGS = "-DPreprod";
				PRODUCT_BUNDLE_IDENTIFIER = com.bundle.CleanWeather;
				PRODUCT_NAME = "$(TARGET_NAME)";
				SWIFT_EMIT_LOC_STRINGS = YES;
				SWIFT_VERSION = 5.0;
				TARGETED_DEVICE_FAMILY = "1,2";
			};
			name = Release;
		};
		231B4FB527DC754C00B010C3 /* Debug */ = {
			isa = XCBuildConfiguration;
			buildSettings = {
				ASSETCATALOG_COMPILER_APPICON_NAME = AppIcon;
				ASSETCATALOG_COMPILER_GLOBAL_ACCENT_COLOR_NAME = AccentColor;
				CODE_SIGN_STYLE = Automatic;
				CURRENT_PROJECT_VERSION = 1;
				DEVELOPMENT_TEAM = W28Q572LJ2;
				GENERATE_INFOPLIST_FILE = YES;
				INFOPLIST_FILE = CleanWeather_Staging.plist;
				INFOPLIST_KEY_UIApplicationSupportsIndirectInputEvents = YES;
				INFOPLIST_KEY_UILaunchStoryboardName = LaunchScreen;
				INFOPLIST_KEY_UIMainStoryboardFile = Main;
				INFOPLIST_KEY_UISupportedInterfaceOrientations_iPad = "UIInterfaceOrientationPortrait UIInterfaceOrientationPortraitUpsideDown UIInterfaceOrientationLandscapeLeft UIInterfaceOrientationLandscapeRight";
				INFOPLIST_KEY_UISupportedInterfaceOrientations_iPhone = "UIInterfaceOrientationPortrait UIInterfaceOrientationLandscapeLeft UIInterfaceOrientationLandscapeRight";
				LD_RUNPATH_SEARCH_PATHS = (
					"$(inherited)",
					"@executable_path/Frameworks",
				);
				MARKETING_VERSION = 1.0;
				OTHER_SWIFT_FLAGS = "-DStaging";
				PRODUCT_BUNDLE_IDENTIFIER = com.bundle.CleanWeather;
				PRODUCT_NAME = "$(TARGET_NAME)";
				SWIFT_EMIT_LOC_STRINGS = YES;
				SWIFT_VERSION = 5.0;
				TARGETED_DEVICE_FAMILY = "1,2";
			};
			name = Debug;
		};
		231B4FB627DC754C00B010C3 /* Release */ = {
			isa = XCBuildConfiguration;
			buildSettings = {
				ASSETCATALOG_COMPILER_APPICON_NAME = AppIcon;
				ASSETCATALOG_COMPILER_GLOBAL_ACCENT_COLOR_NAME = AccentColor;
				CODE_SIGN_STYLE = Automatic;
				CURRENT_PROJECT_VERSION = 1;
				DEVELOPMENT_TEAM = W28Q572LJ2;
				GENERATE_INFOPLIST_FILE = YES;
				INFOPLIST_FILE = CleanWeather_Staging.plist;
				INFOPLIST_KEY_UIApplicationSupportsIndirectInputEvents = YES;
				INFOPLIST_KEY_UILaunchStoryboardName = LaunchScreen;
				INFOPLIST_KEY_UIMainStoryboardFile = Main;
				INFOPLIST_KEY_UISupportedInterfaceOrientations_iPad = "UIInterfaceOrientationPortrait UIInterfaceOrientationPortraitUpsideDown UIInterfaceOrientationLandscapeLeft UIInterfaceOrientationLandscapeRight";
				INFOPLIST_KEY_UISupportedInterfaceOrientations_iPhone = "UIInterfaceOrientationPortrait UIInterfaceOrientationLandscapeLeft UIInterfaceOrientationLandscapeRight";
				LD_RUNPATH_SEARCH_PATHS = (
					"$(inherited)",
					"@executable_path/Frameworks",
				);
				MARKETING_VERSION = 1.0;
				OTHER_SWIFT_FLAGS = "-DStaging";
				PRODUCT_BUNDLE_IDENTIFIER = com.bundle.CleanWeather;
				PRODUCT_NAME = "$(TARGET_NAME)";
				SWIFT_EMIT_LOC_STRINGS = YES;
				SWIFT_VERSION = 5.0;
				TARGETED_DEVICE_FAMILY = "1,2";
			};
			name = Release;
		};
/* End XCBuildConfiguration section */

/* Begin XCConfigurationList section */
		231B4F6327DC712900B010C3 /* Build configuration list for PBXProject "CleanWeather" */ = {
			isa = XCConfigurationList;
			buildConfigurations = (
				231B4F9027DC712C00B010C3 /* Debug */,
				231B4F9127DC712C00B010C3 /* Release */,
			);
			defaultConfigurationIsVisible = 0;
			defaultConfigurationName = Release;
		};
		231B4F9227DC712C00B010C3 /* Build configuration list for PBXNativeTarget "CleanWeather" */ = {
			isa = XCConfigurationList;
			buildConfigurations = (
				231B4F9327DC712C00B010C3 /* Debug */,
				231B4F9427DC712C00B010C3 /* Release */,
			);
			defaultConfigurationIsVisible = 0;
			defaultConfigurationName = Release;
		};
		231B4F9527DC712C00B010C3 /* Build configuration list for PBXNativeTarget "CleanWeatherTests" */ = {
			isa = XCConfigurationList;
			buildConfigurations = (
				231B4F9627DC712C00B010C3 /* Debug */,
				231B4F9727DC712C00B010C3 /* Release */,
			);
			defaultConfigurationIsVisible = 0;
			defaultConfigurationName = Release;
		};
		231B4F9827DC712C00B010C3 /* Build configuration list for PBXNativeTarget "CleanWeatherUITests" */ = {
			isa = XCConfigurationList;
			buildConfigurations = (
				231B4F9927DC712C00B010C3 /* Debug */,
				231B4F9A27DC712C00B010C3 /* Release */,
			);
			defaultConfigurationIsVisible = 0;
			defaultConfigurationName = Release;
		};
		231B4FA527DC73DC00B010C3 /* Build configuration list for PBXNativeTarget "CleanWeather_Preprod" */ = {
			isa = XCConfigurationList;
			buildConfigurations = (
				231B4FA627DC73DC00B010C3 /* Debug */,
				231B4FA727DC73DC00B010C3 /* Release */,
			);
			defaultConfigurationIsVisible = 0;
			defaultConfigurationName = Release;
		};
		231B4FB427DC754C00B010C3 /* Build configuration list for PBXNativeTarget "CleanWeather_Staging" */ = {
			isa = XCConfigurationList;
			buildConfigurations = (
				231B4FB527DC754C00B010C3 /* Debug */,
				231B4FB627DC754C00B010C3 /* Release */,
			);
			defaultConfigurationIsVisible = 0;
			defaultConfigurationName = Release;
		};
/* End XCConfigurationList section */
	};
	rootObject = 231B4F6027DC712900B010C3 /* Project object */;
}
